
Microsoft Visual Studio Solution File, Format Version 12.00
# Visual Studio Version 17
VisualStudioVersion = 17.7.34031.279
MinimumVisualStudioVersion = 10.0.40219.1
Project("{FAE04EC0-301F-11D3-BF4B-00C04F79EFBC}") = "Proyecto_GestionAcademica_Grupo05", "Proyecto_GestionAcademica_Grupo05.csproj", "{FAB80174-15FA-41B7-8B3E-290A91C7BB52}"
EndProject
Global
	GlobalSection(SolutionConfigurationPlatforms) = preSolution
		Debug|Any CPU = Debug|Any CPU
		Release|Any CPU = Release|Any CPU
	EndGlobalSection
	GlobalSection(ProjectConfigurationPlatforms) = postSolution
		{FAB80174-15FA-41B7-8B3E-290A91C7BB52}.Debug|Any CPU.ActiveCfg = Debug|Any CPU
		{FAB80174-15FA-41B7-8B3E-290A91C7BB52}.Debug|Any CPU.Build.0 = Debug|Any CPU
		{FAB80174-15FA-41B7-8B3E-290A91C7BB52}.Release|Any CPU.ActiveCfg = Release|Any CPU
		{FAB80174-15FA-41B7-8B3E-290A91C7BB52}.Release|Any CPU.Build.0 = Release|Any CPU
	EndGlobalSection
	GlobalSection(SolutionProperties) = preSolution
		HideSolutionNode = FALSE
	EndGlobalSection
	GlobalSection(ExtensibilityGlobals) = postSolution
		SolutionGuid = {9AC47E4E-D2BB-4DF3-8445-2CCE8733D5AD}
	EndGlobalSection
EndGlobal
